<Solution>
  <Folder Name="/Solution Items/">
    <File Path=".editorconfig" />
    <File Path=".gitattributes" />
    <File Path=".gitignore" />
    <File Path="EverlongDI.props" />
    <File Path="publish.ps1" />
    <File Path="README.md" />
  </Folder>
  <Folder Name="/src/">
    <Project Path="src/Everlong.DI.CodeFixers/Everlong.DI.CodeFixers.csproj" />
    <Project Path="src/Everlong.DI.Generators/Everlong.DI.Generators.csproj" />
    <Project Path="src/Everlong.DI/Everlong.DI.csproj" />
  </Folder>
  <Folder Name="/tests/">
    <Project Path="tests/Everlong.DI.Tests/Everlong.DI.Tests.csproj" />
  </Folder>
</Solution>
